
Microsoft Visual Studio Solution File, Format Version 12.00
# Visual Studio 15
VisualStudioVersion = 15.0.28307.106
MinimumVisualStudioVersion = 10.0.40219.1
Project("{888888A0-9F3D-457C-B088-3A5042F75D52}") = "BT-7274", "BT-7274.pyproj", "{5C3D08E6-673F-4871-9B73-768E97D1399A}"
EndProject
Global
	GlobalSection(SolutionConfigurationPlatforms) = preSolution
		Debug|Any CPU = Debug|Any CPU
		Release|Any CPU = Release|Any CPU
	EndGlobalSection
	GlobalSection(ProjectConfigurationPlatforms) = postSolution
		{5C3D08E6-673F-4871-9B73-768E97D1399A}.Debug|Any CPU.ActiveCfg = Debug|Any CPU
		{5C3D08E6-673F-4871-9B73-768E97D1399A}.Release|Any CPU.ActiveCfg = Release|Any CPU
	EndGlobalSection
	GlobalSection(SolutionProperties) = preSolution
		HideSolutionNode = FALSE
	EndGlobalSection
	GlobalSection(ExtensibilityGlobals) = postSolution
		SolutionGuid = {2360FFBA-DAEE-4233-B417-5BC5DB0DF488}
	EndGlobalSection
EndGlobal
